
Microsoft Visual Studio Solution File, Format Version 12.00
# Visual Studio Version 17
VisualStudioVersion = 17.3.32929.385
MinimumVisualStudioVersion = 10.0.40219.1
Project("{FAE04EC0-301F-11D3-BF4B-00C04F79EFBC}") = "Experis", "Experis\Experis.csproj", "{8A40EBFA-6B65-4C4B-A82F-B28BFB29D54B}"
EndProject
Global
	GlobalSection(SolutionConfigurationPlatforms) = preSolution
		Debug|Any CPU = Debug|Any CPU
		Release|Any CPU = Release|Any CPU
	EndGlobalSection
	GlobalSection(ProjectConfigurationPlatforms) = postSolution
		{8A40EBFA-6B65-4C4B-A82F-B28BFB29D54B}.Debug|Any CPU.ActiveCfg = Debug|Any CPU
		{8A40EBFA-6B65-4C4B-A82F-B28BFB29D54B}.Debug|Any CPU.Build.0 = Debug|Any CPU
		{8A40EBFA-6B65-4C4B-A82F-B28BFB29D54B}.Release|Any CPU.ActiveCfg = Release|Any CPU
		{8A40EBFA-6B65-4C4B-A82F-B28BFB29D54B}.Release|Any CPU.Build.0 = Release|Any CPU
	EndGlobalSection
	GlobalSection(SolutionProperties) = preSolution
		HideSolutionNode = FALSE
	EndGlobalSection
	GlobalSection(ExtensibilityGlobals) = postSolution
		SolutionGuid = {6744072F-2C65-4C95-B960-0394A35D7C3F}
	EndGlobalSection
EndGlobal
